
Microsoft Visual Studio Solution File, Format Version 12.00
# Visual Studio Version 16
VisualStudioVersion = 16.0.29409.12
MinimumVisualStudioVersion = 10.0.40219.1
Project("{9A19103F-16F7-4668-BE54-9A1E7A4F7556}") = "Lists.ListLogic", "Lists.ListLogic\Lists.ListLogic.csproj", "{C3B5F003-94A1-4955-A928-5E2931E27878}"
	ProjectSection(ProjectDependencies) = postProject
		{5211902F-F3CC-409F-9B20-782BB73E04A6} = {5211902F-F3CC-409F-9B20-782BB73E04A6}
	EndProjectSection
EndProject
Project("{9A19103F-16F7-4668-BE54-9A1E7A4F7556}") = "Lists.Entity", "Lists.Entity\Lists.Entity.csproj", "{5211902F-F3CC-409F-9B20-782BB73E04A6}"
EndProject
Project("{9A19103F-16F7-4668-BE54-9A1E7A4F7556}") = "Lists.Test", "Lists.Test\Lists.Test.csproj", "{E76D8845-2FE4-4862-9E54-D929550D822B}"
EndProject
Project("{9A19103F-16F7-4668-BE54-9A1E7A4F7556}") = "MySortTest", "MySortTest\MySortTest.csproj", "{0EDBE097-7F72-477B-85E3-DCB0B8561B80}"
EndProject
Project("{FAE04EC0-301F-11D3-BF4B-00C04F79EFBC}") = "MaimProgram", "MaimProgram\MaimProgram.csproj", "{12F32336-6308-4BAD-9CB6-A30F15B42A70}"
EndProject
Global
	GlobalSection(SolutionConfigurationPlatforms) = preSolution
		Debug|Any CPU = Debug|Any CPU
		Release|Any CPU = Release|Any CPU
	EndGlobalSection
	GlobalSection(ProjectConfigurationPlatforms) = postSolution
		{C3B5F003-94A1-4955-A928-5E2931E27878}.Debug|Any CPU.ActiveCfg = Debug|Any CPU
		{C3B5F003-94A1-4955-A928-5E2931E27878}.Debug|Any CPU.Build.0 = Debug|Any CPU
		{C3B5F003-94A1-4955-A928-5E2931E27878}.Release|Any CPU.ActiveCfg = Release|Any CPU
		{C3B5F003-94A1-4955-A928-5E2931E27878}.Release|Any CPU.Build.0 = Release|Any CPU
		{5211902F-F3CC-409F-9B20-782BB73E04A6}.Debug|Any CPU.ActiveCfg = Debug|Any CPU
		{5211902F-F3CC-409F-9B20-782BB73E04A6}.Debug|Any CPU.Build.0 = Debug|Any CPU
		{5211902F-F3CC-409F-9B20-782BB73E04A6}.Release|Any CPU.ActiveCfg = Release|Any CPU
		{5211902F-F3CC-409F-9B20-782BB73E04A6}.Release|Any CPU.Build.0 = Release|Any CPU
		{E76D8845-2FE4-4862-9E54-D929550D822B}.Debug|Any CPU.ActiveCfg = Debug|Any CPU
		{E76D8845-2FE4-4862-9E54-D929550D822B}.Debug|Any CPU.Build.0 = Debug|Any CPU
		{E76D8845-2FE4-4862-9E54-D929550D822B}.Release|Any CPU.ActiveCfg = Release|Any CPU
		{E76D8845-2FE4-4862-9E54-D929550D822B}.Release|Any CPU.Build.0 = Release|Any CPU
		{0EDBE097-7F72-477B-85E3-DCB0B8561B80}.Debug|Any CPU.ActiveCfg = Debug|Any CPU
		{0EDBE097-7F72-477B-85E3-DCB0B8561B80}.Debug|Any CPU.Build.0 = Debug|Any CPU
		{0EDBE097-7F72-477B-85E3-DCB0B8561B80}.Release|Any CPU.ActiveCfg = Release|Any CPU
		{0EDBE097-7F72-477B-85E3-DCB0B8561B80}.Release|Any CPU.Build.0 = Release|Any CPU
		{12F32336-6308-4BAD-9CB6-A30F15B42A70}.Debug|Any CPU.ActiveCfg = Debug|Any CPU
		{12F32336-6308-4BAD-9CB6-A30F15B42A70}.Debug|Any CPU.Build.0 = Debug|Any CPU
		{12F32336-6308-4BAD-9CB6-A30F15B42A70}.Release|Any CPU.ActiveCfg = Release|Any CPU
		{12F32336-6308-4BAD-9CB6-A30F15B42A70}.Release|Any CPU.Build.0 = Release|Any CPU
	EndGlobalSection
	GlobalSection(SolutionProperties) = preSolution
		HideSolutionNode = FALSE
	EndGlobalSection
	GlobalSection(ExtensibilityGlobals) = postSolution
		SolutionGuid = {21D736AA-01C2-4707-B78F-C0C4B112A613}
	EndGlobalSection
EndGlobal
